
Microsoft Visual Studio Solution File, Format Version 12.00
# Visual Studio Version 17
VisualStudioVersion = 17.1.32414.318
MinimumVisualStudioVersion = 10.0.40219.1
Project("{FAE04EC0-301F-11D3-BF4B-00C04F79EFBC}") = "MiniProjekat", "MiniProjekat\MiniProjekat.csproj", "{243EFDF6-A456-4404-B06B-D626B6A66284}"
EndProject
Global
	GlobalSection(SolutionConfigurationPlatforms) = preSolution
		Debug|Any CPU = Debug|Any CPU
		Release|Any CPU = Release|Any CPU
	EndGlobalSection
	GlobalSection(ProjectConfigurationPlatforms) = postSolution
		{243EFDF6-A456-4404-B06B-D626B6A66284}.Debug|Any CPU.ActiveCfg = Debug|Any CPU
		{243EFDF6-A456-4404-B06B-D626B6A66284}.Debug|Any CPU.Build.0 = Debug|Any CPU
		{243EFDF6-A456-4404-B06B-D626B6A66284}.Release|Any CPU.ActiveCfg = Release|Any CPU
		{243EFDF6-A456-4404-B06B-D626B6A66284}.Release|Any CPU.Build.0 = Release|Any CPU
	EndGlobalSection
	GlobalSection(SolutionProperties) = preSolution
		HideSolutionNode = FALSE
	EndGlobalSection
	GlobalSection(ExtensibilityGlobals) = postSolution
		SolutionGuid = {6846F73A-ACAE-4182-A91B-29F67DD11BE2}
	EndGlobalSection
EndGlobal
